
Microsoft Visual Studio Solution File, Format Version 12.00
# Visual Studio Version 16
VisualStudioVersion = 16.0.28729.10
MinimumVisualStudioVersion = 10.0.40219.1
Project("{8BC9CEB8-8B4A-11D0-8D11-00A0C91BC942}") = "01_ClearScreen", "01_ClearScreen\ClearScreen.vcxproj", "{500CDA90-43A0-4674-BA8D-D330977CCCC6}"
	ProjectSection(ProjectDependencies) = postProject
		{E97A8A7B-EA03-4211-899E-AB5242486BC9} = {E97A8A7B-EA03-4211-899E-AB5242486BC9}
	EndProjectSection
EndProject
Project("{8BC9CEB8-8B4A-11D0-8D11-00A0C91BC942}") = "common", "common\common.vcxproj", "{E97A8A7B-EA03-4211-899E-AB5242486BC9}"
	ProjectSection(ProjectDependencies) = postProject
		{8E20A45A-3EE7-4662-854B-FC05ECD7A9AD} = {8E20A45A-3EE7-4662-854B-FC05ECD7A9AD}
	EndProjectSection
EndProject
Project("{8BC9CEB8-8B4A-11D0-8D11-00A0C91BC942}") = "02_SimpleTriangle", "02_SimpleTriangle\02_SimpleTriangle.vcxproj", "{243FB944-1E85-499B-BC5E-5A4F18AD446D}"
	ProjectSection(ProjectDependencies) = postProject
		{E97A8A7B-EA03-4211-899E-AB5242486BC9} = {E97A8A7B-EA03-4211-899E-AB5242486BC9}
	EndProjectSection
EndProject
Project("{8BC9CEB8-8B4A-11D0-8D11-00A0C91BC942}") = "03_TexturedCube", "03_TexturedCube\03_TexturedCube.vcxproj", "{A05BCD09-5565-493F-BCF1-08A609F38C34}"
	ProjectSection(ProjectDependencies) = postProject
		{E97A8A7B-EA03-4211-899E-AB5242486BC9} = {E97A8A7B-EA03-4211-899E-AB5242486BC9}
	EndProjectSection
EndProject
Project("{8BC9CEB8-8B4A-11D0-8D11-00A0C91BC942}") = "04_Model", "04_Model\04_Model.vcxproj", "{F90AA8E8-7DB0-4007-90A0-E6497C35C76E}"
	ProjectSection(ProjectDependencies) = postProject
		{E97A8A7B-EA03-4211-899E-AB5242486BC9} = {E97A8A7B-EA03-4211-899E-AB5242486BC9}
	EndProjectSection
EndProject
Project("{8BC9CEB8-8B4A-11D0-8D11-00A0C91BC942}") = "05_TexturedModel", "05_TexturedModel\05_TexturedModel.vcxproj", "{CF22BEEF-74BA-47E0-B06F-50B2C471FFAA}"
	ProjectSection(ProjectDependencies) = postProject
		{E97A8A7B-EA03-4211-899E-AB5242486BC9} = {E97A8A7B-EA03-4211-899E-AB5242486BC9}
	EndProjectSection
EndProject
Project("{8BC9CEB8-8B4A-11D0-8D11-00A0C91BC942}") = "06_RenderTarget", "06_RenderTarget\06_RenderTarget.vcxproj", "{442B9E99-4D1E-4F7B-BEE7-E7EBE85E300E}"
	ProjectSection(ProjectDependencies) = postProject
		{E97A8A7B-EA03-4211-899E-AB5242486BC9} = {E97A8A7B-EA03-4211-899E-AB5242486BC9}
	EndProjectSection
EndProject
Project("{8BC9CEB8-8B4A-11D0-8D11-00A0C91BC942}") = "07_ComputeShader", "07_ComputeShader\07_ComputeShader.vcxproj", "{406C6CFA-6E35-4B67-959B-269E1E1576DA}"
	ProjectSection(ProjectDependencies) = postProject
		{E97A8A7B-EA03-4211-899E-AB5242486BC9} = {E97A8A7B-EA03-4211-899E-AB5242486BC9}
	EndProjectSection
EndProject
Project("{8BC9CEB8-8B4A-11D0-8D11-00A0C91BC942}") = "08_ImGui", "08_ImGui\ImGui.vcxproj", "{96E52342-89A7-4185-BEF8-8B71B7D4F197}"
	ProjectSection(ProjectDependencies) = postProject
		{E97A8A7B-EA03-4211-899E-AB5242486BC9} = {E97A8A7B-EA03-4211-899E-AB5242486BC9}
	EndProjectSection
EndProject
Project("{8BC9CEB8-8B4A-11D0-8D11-00A0C91BC942}") = "09_HelloDXR", "09_HelloDXR\HelloDXR.vcxproj", "{60C1E921-43FB-43ED-BFE4-F8E764782750}"
	ProjectSection(ProjectDependencies) = postProject
		{E97A8A7B-EA03-4211-899E-AB5242486BC9} = {E97A8A7B-EA03-4211-899E-AB5242486BC9}
	EndProjectSection
EndProject
Project("{8BC9CEB8-8B4A-11D0-8D11-00A0C91BC942}") = "10_GeometryShader", "10_GeometryShader\10_GeometryShader.vcxproj", "{F94B423B-CF66-415F-8E0B-1FFD5705847E}"
	ProjectSection(ProjectDependencies) = postProject
		{E97A8A7B-EA03-4211-899E-AB5242486BC9} = {E97A8A7B-EA03-4211-899E-AB5242486BC9}
	EndProjectSection
EndProject
Project("{8BC9CEB8-8B4A-11D0-8D11-00A0C91BC942}") = "Core", "Tools\Common\cpp\Core\Core.vcxproj", "{8E20A45A-3EE7-4662-854B-FC05ECD7A9AD}"
EndProject
Global
	GlobalSection(SolutionConfigurationPlatforms) = preSolution
		Debug|x64 = Debug|x64
		Debug|x86 = Debug|x86
		Release|x64 = Release|x64
		Release|x86 = Release|x86
	EndGlobalSection
	GlobalSection(ProjectConfigurationPlatforms) = postSolution
		{500CDA90-43A0-4674-BA8D-D330977CCCC6}.Debug|x64.ActiveCfg = Debug|x64
		{500CDA90-43A0-4674-BA8D-D330977CCCC6}.Debug|x64.Build.0 = Debug|x64
		{500CDA90-43A0-4674-BA8D-D330977CCCC6}.Debug|x86.ActiveCfg = Debug|x64
		{500CDA90-43A0-4674-BA8D-D330977CCCC6}.Release|x64.ActiveCfg = Release|x64
		{500CDA90-43A0-4674-BA8D-D330977CCCC6}.Release|x64.Build.0 = Release|x64
		{500CDA90-43A0-4674-BA8D-D330977CCCC6}.Release|x86.ActiveCfg = Release|x64
		{E97A8A7B-EA03-4211-899E-AB5242486BC9}.Debug|x64.ActiveCfg = Debug|x64
		{E97A8A7B-EA03-4211-899E-AB5242486BC9}.Debug|x64.Build.0 = Debug|x64
		{E97A8A7B-EA03-4211-899E-AB5242486BC9}.Debug|x86.ActiveCfg = Debug|x64
		{E97A8A7B-EA03-4211-899E-AB5242486BC9}.Release|x64.ActiveCfg = Release|x64
		{E97A8A7B-EA03-4211-899E-AB5242486BC9}.Release|x64.Build.0 = Release|x64
		{E97A8A7B-EA03-4211-899E-AB5242486BC9}.Release|x86.ActiveCfg = Release|x64
		{243FB944-1E85-499B-BC5E-5A4F18AD446D}.Debug|x64.ActiveCfg = Debug|x64
		{243FB944-1E85-499B-BC5E-5A4F18AD446D}.Debug|x64.Build.0 = Debug|x64
		{243FB944-1E85-499B-BC5E-5A4F18AD446D}.Debug|x86.ActiveCfg = Debug|x64
		{243FB944-1E85-499B-BC5E-5A4F18AD446D}.Release|x64.ActiveCfg = Release|x64
		{243FB944-1E85-499B-BC5E-5A4F18AD446D}.Release|x64.Build.0 = Release|x64
		{243FB944-1E85-499B-BC5E-5A4F18AD446D}.Release|x86.ActiveCfg = Release|x64
		{A05BCD09-5565-493F-BCF1-08A609F38C34}.Debug|x64.ActiveCfg = Debug|x64
		{A05BCD09-5565-493F-BCF1-08A609F38C34}.Debug|x64.Build.0 = Debug|x64
		{A05BCD09-5565-493F-BCF1-08A609F38C34}.Debug|x86.ActiveCfg = Debug|x64
		{A05BCD09-5565-493F-BCF1-08A609F38C34}.Release|x64.ActiveCfg = Release|x64
		{A05BCD09-5565-493F-BCF1-08A609F38C34}.Release|x64.Build.0 = Release|x64
		{A05BCD09-5565-493F-BCF1-08A609F38C34}.Release|x86.ActiveCfg = Release|x64
		{F90AA8E8-7DB0-4007-90A0-E6497C35C76E}.Debug|x64.ActiveCfg = Debug|x64
		{F90AA8E8-7DB0-4007-90A0-E6497C35C76E}.Debug|x64.Build.0 = Debug|x64
		{F90AA8E8-7DB0-4007-90A0-E6497C35C76E}.Debug|x86.ActiveCfg = Debug|x64
		{F90AA8E8-7DB0-4007-90A0-E6497C35C76E}.Release|x64.ActiveCfg = Release|x64
		{F90AA8E8-7DB0-4007-90A0-E6497C35C76E}.Release|x64.Build.0 = Release|x64
		{F90AA8E8-7DB0-4007-90A0-E6497C35C76E}.Release|x86.ActiveCfg = Release|x64
		{CF22BEEF-74BA-47E0-B06F-50B2C471FFAA}.Debug|x64.ActiveCfg = Debug|x64
		{CF22BEEF-74BA-47E0-B06F-50B2C471FFAA}.Debug|x64.Build.0 = Debug|x64
		{CF22BEEF-74BA-47E0-B06F-50B2C471FFAA}.Debug|x86.ActiveCfg = Debug|Win32
		{CF22BEEF-74BA-47E0-B06F-50B2C471FFAA}.Debug|x86.Build.0 = Debug|Win32
		{CF22BEEF-74BA-47E0-B06F-50B2C471FFAA}.Release|x64.ActiveCfg = Release|x64
		{CF22BEEF-74BA-47E0-B06F-50B2C471FFAA}.Release|x64.Build.0 = Release|x64
		{CF22BEEF-74BA-47E0-B06F-50B2C471FFAA}.Release|x86.ActiveCfg = Release|Win32
		{CF22BEEF-74BA-47E0-B06F-50B2C471FFAA}.Release|x86.Build.0 = Release|Win32
		{442B9E99-4D1E-4F7B-BEE7-E7EBE85E300E}.Debug|x64.ActiveCfg = Debug|x64
		{442B9E99-4D1E-4F7B-BEE7-E7EBE85E300E}.Debug|x64.Build.0 = Debug|x64
		{442B9E99-4D1E-4F7B-BEE7-E7EBE85E300E}.Debug|x86.ActiveCfg = Debug|Win32
		{442B9E99-4D1E-4F7B-BEE7-E7EBE85E300E}.Debug|x86.Build.0 = Debug|Win32
		{442B9E99-4D1E-4F7B-BEE7-E7EBE85E300E}.Release|x64.ActiveCfg = Release|x64
		{442B9E99-4D1E-4F7B-BEE7-E7EBE85E300E}.Release|x64.Build.0 = Release|x64
		{442B9E99-4D1E-4F7B-BEE7-E7EBE85E300E}.Release|x86.ActiveCfg = Release|Win32
		{442B9E99-4D1E-4F7B-BEE7-E7EBE85E300E}.Release|x86.Build.0 = Release|Win32
		{406C6CFA-6E35-4B67-959B-269E1E1576DA}.Debug|x64.ActiveCfg = Debug|x64
		{406C6CFA-6E35-4B67-959B-269E1E1576DA}.Debug|x64.Build.0 = Debug|x64
		{406C6CFA-6E35-4B67-959B-269E1E1576DA}.Debug|x86.ActiveCfg = Debug|Win32
		{406C6CFA-6E35-4B67-959B-269E1E1576DA}.Debug|x86.Build.0 = Debug|Win32
		{406C6CFA-6E35-4B67-959B-269E1E1576DA}.Release|x64.ActiveCfg = Release|x64
		{406C6CFA-6E35-4B67-959B-269E1E1576DA}.Release|x64.Build.0 = Release|x64
		{406C6CFA-6E35-4B67-959B-269E1E1576DA}.Release|x86.ActiveCfg = Release|Win32
		{406C6CFA-6E35-4B67-959B-269E1E1576DA}.Release|x86.Build.0 = Release|Win32
		{96E52342-89A7-4185-BEF8-8B71B7D4F197}.Debug|x64.ActiveCfg = Debug|x64
		{96E52342-89A7-4185-BEF8-8B71B7D4F197}.Debug|x64.Build.0 = Debug|x64
		{96E52342-89A7-4185-BEF8-8B71B7D4F197}.Debug|x86.ActiveCfg = Debug|x64
		{96E52342-89A7-4185-BEF8-8B71B7D4F197}.Release|x64.ActiveCfg = Release|x64
		{96E52342-89A7-4185-BEF8-8B71B7D4F197}.Release|x64.Build.0 = Release|x64
		{96E52342-89A7-4185-BEF8-8B71B7D4F197}.Release|x86.ActiveCfg = Release|x64
		{60C1E921-43FB-43ED-BFE4-F8E764782750}.Debug|x64.ActiveCfg = Debug|x64
		{60C1E921-43FB-43ED-BFE4-F8E764782750}.Debug|x64.Build.0 = Debug|x64
		{60C1E921-43FB-43ED-BFE4-F8E764782750}.Debug|x86.ActiveCfg = Debug|x64
		{60C1E921-43FB-43ED-BFE4-F8E764782750}.Release|x64.ActiveCfg = Release|x64
		{60C1E921-43FB-43ED-BFE4-F8E764782750}.Release|x64.Build.0 = Release|x64
		{60C1E921-43FB-43ED-BFE4-F8E764782750}.Release|x86.ActiveCfg = Release|x64
		{F94B423B-CF66-415F-8E0B-1FFD5705847E}.Debug|x64.ActiveCfg = Debug|x64
		{F94B423B-CF66-415F-8E0B-1FFD5705847E}.Debug|x64.Build.0 = Debug|x64
		{F94B423B-CF66-415F-8E0B-1FFD5705847E}.Debug|x86.ActiveCfg = Debug|x64
		{F94B423B-CF66-415F-8E0B-1FFD5705847E}.Release|x64.ActiveCfg = Release|x64
		{F94B423B-CF66-415F-8E0B-1FFD5705847E}.Release|x64.Build.0 = Release|x64
		{F94B423B-CF66-415F-8E0B-1FFD5705847E}.Release|x86.ActiveCfg = Release|x64
		{8E20A45A-3EE7-4662-854B-FC05ECD7A9AD}.Debug|x64.ActiveCfg = Debug|x64
		{8E20A45A-3EE7-4662-854B-FC05ECD7A9AD}.Debug|x64.Build.0 = Debug|x64
		{8E20A45A-3EE7-4662-854B-FC05ECD7A9AD}.Debug|x86.ActiveCfg = Debug|x64
		{8E20A45A-3EE7-4662-854B-FC05ECD7A9AD}.Release|x64.ActiveCfg = Release|x64
		{8E20A45A-3EE7-4662-854B-FC05ECD7A9AD}.Release|x64.Build.0 = Release|x64
		{8E20A45A-3EE7-4662-854B-FC05ECD7A9AD}.Release|x86.ActiveCfg = Release|x64
	EndGlobalSection
	GlobalSection(SolutionProperties) = preSolution
		HideSolutionNode = FALSE
	EndGlobalSection
	GlobalSection(ExtensibilityGlobals) = postSolution
		SolutionGuid = {60D43405-F7D7-4901-8A5B-60C809E92578}
	EndGlobalSection
EndGlobal
