<?xml version="1.0" encoding="utf-8"?>
<Project ToolsVersion="4.0" xmlns="http://schemas.microsoft.com/developer/msbuild/2003">
  <ItemGroup>
    <Filter Include="ソース ファイル">
      <UniqueIdentifier>{4FC737F1-C7A5-4376-A066-2A32D752A2FF}</UniqueIdentifier>
      <Extensions>cpp;c;cc;cxx;def;odl;idl;hpj;bat;asm;asmx</Extensions>
    </Filter>
    <Filter Include="ヘッダー ファイル">
      <UniqueIdentifier>{93995380-89BD-4b04-88EB-625FBE52EBFB}</UniqueIdentifier>
      <Extensions>h;hh;hpp;hxx;hm;inl;inc;ipp;xsd</Extensions>
    </Filter>
    <Filter Include="リソース ファイル">
      <UniqueIdentifier>{67DA6AB6-F800-4c08-8B7A-83BB121AAD01}</UniqueIdentifier>
      <Extensions>rc;ico;cur;bmp;dlg;rc2;rct;bin;rgs;gif;jpg;jpeg;jpe;resx;tiff;tif;png;wav;mfcribbon-ms</Extensions>
    </Filter>
    <Filter Include="ヘッダー ファイル\D3D12">
      <UniqueIdentifier>{fc6a917b-577e-463b-b736-5329656f87aa}</UniqueIdentifier>
    </Filter>
    <Filter Include="ヘッダー ファイル\Model">
      <UniqueIdentifier>{2fe9c3d5-7ae3-429a-a61f-3fbbb8843584}</UniqueIdentifier>
    </Filter>
    <Filter Include="ヘッダー ファイル\Util">
      <UniqueIdentifier>{3013030f-c1c0-4233-93a1-6283615f9ef4}</UniqueIdentifier>
    </Filter>
    <Filter Include="ヘッダー ファイル\ThirdParty">
      <UniqueIdentifier>{5d044a2c-9a55-4331-a009-937fbff3267c}</UniqueIdentifier>
    </Filter>
    <Filter Include="ヘッダー ファイル\ThirdParty\stb">
      <UniqueIdentifier>{9b1df5c8-9ff1-44ec-9af2-3113137d0d11}</UniqueIdentifier>
    </Filter>
    <Filter Include="ソース ファイル\D3D12">
      <UniqueIdentifier>{c8d18ea6-93d7-42ad-bea3-518dc9e4d3f9}</UniqueIdentifier>
    </Filter>
    <Filter Include="ソース ファイル\Model">
      <UniqueIdentifier>{2888d87f-7d39-408b-b219-c0bacdb3d6fc}</UniqueIdentifier>
    </Filter>
    <Filter Include="ヘッダー ファイル\Texture">
      <UniqueIdentifier>{7a240881-a3ab-4797-8606-90d33d63a4e3}</UniqueIdentifier>
    </Filter>
    <Filter Include="ソース ファイル\Texture">
      <UniqueIdentifier>{88bda843-6c56-4cef-afff-495fdf3ab49f}</UniqueIdentifier>
    </Filter>
    <Filter Include="ソース ファイル\Util">
      <UniqueIdentifier>{2d3c7754-4f54-42c5-83a8-9edb3f54ef68}</UniqueIdentifier>
    </Filter>
    <Filter Include="Shaders">
      <UniqueIdentifier>{5e13fe63-f59b-433e-81f3-b953a5c5d829}</UniqueIdentifier>
    </Filter>
  </ItemGroup>
  <ItemGroup>
    <ClInclude Include="framework.h">
      <Filter>ヘッダー ファイル</Filter>
    </ClInclude>
    <ClInclude Include="pch.h">
      <Filter>ヘッダー ファイル</Filter>
    </ClInclude>
    <ClInclude Include="include\D3D12\D3D12AppBase.h">
      <Filter>ヘッダー ファイル\D3D12</Filter>
    </ClInclude>
    <ClInclude Include="include\D3D12\d3dx12.h">
      <Filter>ヘッダー ファイル\D3D12</Filter>
    </ClInclude>
    <ClInclude Include="include\Model\Mesh.h">
      <Filter>ヘッダー ファイル\Model</Filter>
    </ClInclude>
    <ClInclude Include="include\Model\ModelLoader.h">
      <Filter>ヘッダー ファイル\Model</Filter>
    </ClInclude>
    <ClInclude Include="include\Model\Polygon.h">
      <Filter>ヘッダー ファイル\Model</Filter>
    </ClInclude>
    <ClInclude Include="include\ThirdParty\stb\stb_image.h">
      <Filter>ヘッダー ファイル\ThirdParty\stb</Filter>
    </ClInclude>
    <ClInclude Include="include\Texture\Texture.h">
      <Filter>ヘッダー ファイル\Texture</Filter>
    </ClInclude>
    <ClInclude Include="include\Texture\TextureLoader.h">
      <Filter>ヘッダー ファイル\Texture</Filter>
    </ClInclude>
    <ClInclude Include="include\Util\FullScreenQuad.h">
      <Filter>ヘッダー ファイル\Util</Filter>
    </ClInclude>
    <ClInclude Include="include\Util\D3D12Util.h">
      <Filter>ヘッダー ファイル\Util</Filter>
    </ClInclude>
  </ItemGroup>
  <ItemGroup>
    <ClCompile Include="pch.cpp">
      <Filter>ソース ファイル</Filter>
    </ClCompile>
    <ClCompile Include="common.cpp">
      <Filter>ソース ファイル</Filter>
    </ClCompile>
    <ClCompile Include="source\D3D12\D3D12AppBase.cpp">
      <Filter>ソース ファイル\D3D12</Filter>
    </ClCompile>
    <ClCompile Include="source\Model\Mesh.cpp">
      <Filter>ソース ファイル\Model</Filter>
    </ClCompile>
    <ClCompile Include="source\Model\ModelLoader.cpp">
      <Filter>ソース ファイル\Model</Filter>
    </ClCompile>
    <ClCompile Include="source\Texture\Texture.cpp">
      <Filter>ソース ファイル\Texture</Filter>
    </ClCompile>
    <ClCompile Include="source\Texture\TextureLoder.cpp">
      <Filter>ソース ファイル\Texture</Filter>
    </ClCompile>
    <ClCompile Include="source\Util\FullScreenQuad.cpp">
      <Filter>ソース ファイル\Util</Filter>
    </ClCompile>
    <ClCompile Include="source\Util\D3D12Util.cpp">
      <Filter>ソース ファイル\Util</Filter>
    </ClCompile>
  </ItemGroup>
  <ItemGroup>
    <FxCompile Include="..\assets\shader\FullScreenQuad_vs.hlsl">
      <Filter>Shaders</Filter>
    </FxCompile>
    <FxCompile Include="..\assets\shader\FullScreenQuad_ps.hlsl">
      <Filter>Shaders</Filter>
    </FxCompile>
  </ItemGroup>
</Project>